// !$*UTF8*$!
{
	archiveVersion = 1;
	classes = {
	};
	objectVersion = 46;
	objects = {

/* Begin PBXBuildFile section */
		903DC0F01CEAD18F00202A21 /* RestaurantModel.swift in Sources */ = {isa = PBXBuildFile; fileRef = 903DC0EF1CEAD18F00202A21 /* RestaurantModel.swift */; };
		909598E91CE72651006A06DA /* AppDelegate.swift in Sources */ = {isa = PBXBuildFile; fileRef = 909598E81CE72651006A06DA /* AppDelegate.swift */; };
		909598EE1CE72651006A06DA /* Main.storyboard in Resources */ = {isa = PBXBuildFile; fileRef = 909598EC1CE72651006A06DA /* Main.storyboard */; };
		909598F01CE72651006A06DA /* Assets.xcassets in Resources */ = {isa = PBXBuildFile; fileRef = 909598EF1CE72651006A06DA /* Assets.xcassets */; };
		909598F31CE72651006A06DA /* LaunchScreen.storyboard in Resources */ = {isa = PBXBuildFile; fileRef = 909598F11CE72651006A06DA /* LaunchScreen.storyboard */; };
		909598FB1CE72758006A06DA /* RestaurantTableViewController.swift in Sources */ = {isa = PBXBuildFile; fileRef = 909598FA1CE72758006A06DA /* RestaurantTableViewController.swift */; };
		909598FE1CE743B4006A06DA /* RestaurantTableViewCell.swift in Sources */ = {isa = PBXBuildFile; fileRef = 909598FD1CE743B4006A06DA /* RestaurantTableViewCell.swift */; };
/* End PBXBuildFile section */

/* Begin PBXFileReference section */
		903DC0EF1CEAD18F00202A21 /* RestaurantModel.swift */ = {isa = PBXFileReference; fileEncoding = 4; lastKnownFileType = sourcecode.swift; path = RestaurantModel.swift; sourceTree = "<group>"; };
		909598E51CE72651006A06DA /* FoodPin.app */ = {isa = PBXFileReference; explicitFileType = wrapper.application; includeInIndex = 0; path = FoodPin.app; sourceTree = BUILT_PRODUCTS_DIR; };
		909598E81CE72651006A06DA /* AppDelegate.swift */ = {isa = PBXFileReference; lastKnownFileType = sourcecode.swift; path = AppDelegate.swift; sourceTree = "<group>"; };
		909598ED1CE72651006A06DA /* Base */ = {isa = PBXFileReference; lastKnownFileType = file.storyboard; name = Base; path = Base.lproj/Main.storyboard; sourceTree = "<group>"; };
		909598EF1CE72651006A06DA /* Assets.xcassets */ = {isa = PBXFileReference; lastKnownFileType = folder.assetcatalog; path = Assets.xcassets; sourceTree = "<group>"; };
		909598F21CE72651006A06DA /* Base */ = {isa = PBXFileReference; lastKnownFileType = file.storyboard; name = Base; path = Base.lproj/LaunchScreen.storyboard; sourceTree = "<group>"; };
		909598F41CE72651006A06DA /* Info.plist */ = {isa = PBXFileReference; lastKnownFileType = text.plist.xml; path = Info.plist; sourceTree = "<group>"; };
		909598FA1CE72758006A06DA /* RestaurantTableViewController.swift */ = {isa = PBXFileReference; fileEncoding = 4; lastKnownFileType = sourcecode.swift; path = RestaurantTableViewController.swift; sourceTree = "<group>"; };
		909598FD1CE743B4006A06DA /* RestaurantTableViewCell.swift */ = {isa = PBXFileReference; fileEncoding = 4; lastKnownFileType = sourcecode.swift; name = RestaurantTableViewCell.swift; path = ../RestaurantTableViewCell.swift; sourceTree = "<group>"; };
/* End PBXFileReference section */

/* Begin PBXFrameworksBuildPhase section */
		909598E21CE72651006A06DA /* Frameworks */ = {
			isa = PBXFrameworksBuildPhase;
			buildActionMask = 2147483647;
			files = (
			);
			runOnlyForDeploymentPostprocessing = 0;
		};
/* End PBXFrameworksBuildPhase section */

/* Begin PBXGroup section */
		903DC0EE1CEAD09400202A21 /* Supporting Files */ = {
			isa = PBXGroup;
			children = (
				909598F41CE72651006A06DA /* Info.plist */,
				909598E81CE72651006A06DA /* AppDelegate.swift */,
				909598EF1CE72651006A06DA /* Assets.xcassets */,
				909598F11CE72651006A06DA /* LaunchScreen.storyboard */,
			);
			name = "Supporting Files";
			sourceTree = "<group>";
		};
		909598DC1CE72651006A06DA = {
			isa = PBXGroup;
			children = (
				909598E71CE72651006A06DA /* FoodPin */,
				909598E61CE72651006A06DA /* Products */,
			);
			sourceTree = "<group>";
		};
		909598E61CE72651006A06DA /* Products */ = {
			isa = PBXGroup;
			children = (
				909598E51CE72651006A06DA /* FoodPin.app */,
			);
			name = Products;
			sourceTree = "<group>";
		};
		909598E71CE72651006A06DA /* FoodPin */ = {
			isa = PBXGroup;
			children = (
				909598FD1CE743B4006A06DA /* RestaurantTableViewCell.swift */,
				909598FA1CE72758006A06DA /* RestaurantTableViewController.swift */,
				903DC0EF1CEAD18F00202A21 /* RestaurantModel.swift */,
				909598EC1CE72651006A06DA /* Main.storyboard */,
				903DC0EE1CEAD09400202A21 /* Supporting Files */,
			);
			path = FoodPin;
			sourceTree = "<group>";
		};
/* End PBXGroup section */

/* Begin PBXNativeTarget section */
		909598E41CE72651006A06DA /* FoodPin */ = {
			isa = PBXNativeTarget;
			buildConfigurationList = 909598F71CE72651006A06DA /* Build configuration list for PBXNativeTarget "FoodPin" */;
			buildPhases = (
				909598E11CE72651006A06DA /* Sources */,
				909598E21CE72651006A06DA /* Frameworks */,
				909598E31CE72651006A06DA /* Resources */,
			);
			buildRules = (
			);
			dependencies = (
			);
			name = FoodPin;
			productName = FoodPin;
			productReference = 909598E51CE72651006A06DA /* FoodPin.app */;
			productType = "com.apple.product-type.application";
		};
/* End PBXNativeTarget section */

/* Begin PBXProject section */
		909598DD1CE72651006A06DA /* Project object */ = {
			isa = PBXProject;
			attributes = {
				LastSwiftUpdateCheck = 0730;
				LastUpgradeCheck = 0730;
				ORGANIZATIONNAME = "Arman Jon Villalobos";
				TargetAttributes = {
					909598E41CE72651006A06DA = {
						CreatedOnToolsVersion = 7.3.1;
					};
				};
			};
			buildConfigurationList = 909598E01CE72651006A06DA /* Build configuration list for PBXProject "FoodPin" */;
			compatibilityVersion = "Xcode 3.2";
			developmentRegion = English;
			hasScannedForEncodings = 0;
			knownRegions = (
				en,
				Base,
			);
			mainGroup = 909598DC1CE72651006A06DA;
			productRefGroup = 909598E61CE72651006A06DA /* Products */;
			projectDirPath = "";
			projectRoot = "";
			targets = (
				909598E41CE72651006A06DA /* FoodPin */,
			);
		};
/* End PBXProject section */

/* Begin PBXResourcesBuildPhase section */
		909598E31CE72651006A06DA /* Resources */ = {
			isa = PBXResourcesBuildPhase;
			buildActionMask = 2147483647;
			files = (
				909598F31CE72651006A06DA /* LaunchScreen.storyboard in Resources */,
				909598F01CE72651006A06DA /* Assets.xcassets in Resources */,
				909598EE1CE72651006A06DA /* Main.storyboard in Resources */,
			);
			runOnlyForDeploymentPostprocessing = 0;
		};
/* End PBXResourcesBuildPhase section */

/* Begin PBXSourcesBuildPhase section */
		909598E11CE72651006A06DA /* Sources */ = {
			isa = PBXSourcesBuildPhase;
			buildActionMask = 2147483647;
			files = (
				909598FB1CE72758006A06DA /* RestaurantTableViewController.swift in Sources */,
				909598FE1CE743B4006A06DA /* RestaurantTableViewCell.swift in Sources */,
				903DC0F01CEAD18F00202A21 /* RestaurantModel.swift in Sources */,
				909598E91CE72651006A06DA /* AppDelegate.swift in Sources */,
			);
			runOnlyForDeploymentPostprocessing = 0;
		};
/* End PBXSourcesBuildPhase section */

/* Begin PBXVariantGroup section */
		909598EC1CE72651006A06DA /* Main.storyboard */ = {
			isa = PBXVariantGroup;
			children = (
				909598ED1CE72651006A06DA /* Base */,
			);
			name = Main.storyboard;
			sourceTree = "<group>";
		};
		909598F11CE72651006A06DA /* LaunchScreen.storyboard */ = {
			isa = PBXVariantGroup;
			children = (
				909598F21CE72651006A06DA /* Base */,
			);
			name = LaunchScreen.storyboard;
			sourceTree = "<group>";
		};
/* End PBXVariantGroup section */

/* Begin XCBuildConfiguration section */
		909598F51CE72651006A06DA /* Debug */ = {
			isa = XCBuildConfiguration;
			buildSettings = {
				ALWAYS_SEARCH_USER_PATHS = NO;
				CLANG_ANALYZER_NONNULL = YES;
				CLANG_CXX_LANGUAGE_STANDARD = "gnu++0x";
				CLANG_CXX_LIBRARY = "libc++";
				CLANG_ENABLE_MODULES = YES;
				CLANG_ENABLE_OBJC_ARC = YES;
				CLANG_WARN_BOOL_CONVERSION = YES;
				CLANG_WARN_CONSTANT_CONVERSION = YES;
				CLANG_WARN_DIRECT_OBJC_ISA_USAGE = YES_ERROR;
				CLANG_WARN_EMPTY_BODY = YES;
				CLANG_WARN_ENUM_CONVERSION = YES;
				CLANG_WARN_INT_CONVERSION = YES;
				CLANG_WARN_OBJC_ROOT_CLASS = YES_ERROR;
				CLANG_WARN_UNREACHABLE_CODE = YES;
				CLANG_WARN__DUPLICATE_METHOD_MATCH = YES;
				"CODE_SIGN_IDENTITY[sdk=iphoneos*]" = "iPhone Developer";
				COPY_PHASE_STRIP = NO;
				DEBUG_INFORMATION_FORMAT = dwarf;
				ENABLE_STRICT_OBJC_MSGSEND = YES;
				ENABLE_TESTABILITY = YES;
				GCC_C_LANGUAGE_STANDARD = gnu99;
				GCC_DYNAMIC_NO_PIC = NO;
				GCC_NO_COMMON_BLOCKS = YES;
				GCC_OPTIMIZATION_LEVEL = 0;
				GCC_PREPROCESSOR_DEFINITIONS = (
					"DEBUG=1",
					"$(inherited)",
				);
				GCC_WARN_64_TO_32_BIT_CONVERSION = YES;
				GCC_WARN_ABOUT_RETURN_TYPE = YES_ERROR;
				GCC_WARN_UNDECLARED_SELECTOR = YES;
				GCC_WARN_UNINITIALIZED_AUTOS = YES_AGGRESSIVE;
				GCC_WARN_UNUSED_FUNCTION = YES;
				GCC_WARN_UNUSED_VARIABLE = YES;
				IPHONEOS_DEPLOYMENT_TARGET = 9.3;
				MTL_ENABLE_DEBUG_INFO = YES;
				ONLY_ACTIVE_ARCH = YES;
				SDKROOT = iphoneos;
				SWIFT_OPTIMIZATION_LEVEL = "-Onone";
			};
			name = Debug;
		};
		909598F61CE72651006A06DA /* Release */ = {
			isa = XCBuildConfiguration;
			buildSettings = {
				ALWAYS_SEARCH_USER_PATHS = NO;
				CLANG_ANALYZER_NONNULL = YES;
				CLANG_CXX_LANGUAGE_STANDARD = "gnu++0x";
				CLANG_CXX_LIBRARY = "libc++";
				CLANG_ENABLE_MODULES = YES;
				CLANG_ENABLE_OBJC_ARC = YES;
				CLANG_WARN_BOOL_CONVERSION = YES;
				CLANG_WARN_CONSTANT_CONVERSION = YES;
				CLANG_WARN_DIRECT_OBJC_ISA_USAGE = YES_ERROR;
				CLANG_WARN_EMPTY_BODY = YES;
				CLANG_WARN_ENUM_CONVERSION = YES;
				CLANG_WARN_INT_CONVERSION = YES;
				CLANG_WARN_OBJC_ROOT_CLASS = YES_ERROR;
				CLANG_WARN_UNREACHABLE_CODE = YES;
				CLANG_WARN__DUPLICATE_METHOD_MATCH = YES;
				"CODE_SIGN_IDENTITY[sdk=iphoneos*]" = "iPhone Developer";
				COPY_PHASE_STRIP = NO;
				DEBUG_INFORMATION_FORMAT = "dwarf-with-dsym";
				ENABLE_NS_ASSERTIONS = NO;
				ENABLE_STRICT_OBJC_MSGSEND = YES;
				GCC_C_LANGUAGE_STANDARD = gnu99;
				GCC_NO_COMMON_BLOCKS = YES;
				GCC_WARN_64_TO_32_BIT_CONVERSION = YES;
				GCC_WARN_ABOUT_RETURN_TYPE = YES_ERROR;
				GCC_WARN_UNDECLARED_SELECTOR = YES;
				GCC_WARN_UNINITIALIZED_AUTOS = YES_AGGRESSIVE;
				GCC_WARN_UNUSED_FUNCTION = YES;
				GCC_WARN_UNUSED_VARIABLE = YES;
				IPHONEOS_DEPLOYMENT_TARGET = 9.3;
				MTL_ENABLE_DEBUG_INFO = NO;
				SDKROOT = iphoneos;
				VALIDATE_PRODUCT = YES;
			};
			name = Release;
		};
		909598F81CE72651006A06DA /* Debug */ = {
			isa = XCBuildConfiguration;
			buildSettings = {
				ASSETCATALOG_COMPILER_APPICON_NAME = AppIcon;
				INFOPLIST_FILE = FoodPin/Info.plist;
				LD_RUNPATH_SEARCH_PATHS = "$(inherited) @executable_path/Frameworks";
				PRODUCT_BUNDLE_IDENTIFIER = com.armanjon.com.FoodPin;
				PRODUCT_NAME = "$(TARGET_NAME)";
			};
			name = Debug;
		};
		909598F91CE72651006A06DA /* Release */ = {
			isa = XCBuildConfiguration;
			buildSettings = {
				ASSETCATALOG_COMPILER_APPICON_NAME = AppIcon;
				INFOPLIST_FILE = FoodPin/Info.plist;
				LD_RUNPATH_SEARCH_PATHS = "$(inherited) @executable_path/Frameworks";
				PRODUCT_BUNDLE_IDENTIFIER = com.armanjon.com.FoodPin;
				PRODUCT_NAME = "$(TARGET_NAME)";
			};
			name = Release;
		};
/* End XCBuildConfiguration section */

/* Begin XCConfigurationList section */
		909598E01CE72651006A06DA /* Build configuration list for PBXProject "FoodPin" */ = {
			isa = XCConfigurationList;
			buildConfigurations = (
				909598F51CE72651006A06DA /* Debug */,
				909598F61CE72651006A06DA /* Release */,
			);
			defaultConfigurationIsVisible = 0;
			defaultConfigurationName = Release;
		};
		909598F71CE72651006A06DA /* Build configuration list for PBXNativeTarget "FoodPin" */ = {
			isa = XCConfigurationList;
			buildConfigurations = (
				909598F81CE72651006A06DA /* Debug */,
				909598F91CE72651006A06DA /* Release */,
			);
			defaultConfigurationIsVisible = 0;
			defaultConfigurationName = Release;
		};
/* End XCConfigurationList section */
	};
	rootObject = 909598DD1CE72651006A06DA /* Project object */;
}
